github.com/juju/clock v0.0.0-20180808021310-bab88fc67299 h1:K9nBHQ3UNqg/HhZkQnGG2AE4YxDyNmGS9FFT2gGegLQ=
github.com/juju/clock v0.0.0-20180808021310-bab88fc67299/go.mod h1:nD0vlnrUjcjJhqN5WuCWZyzfd5AHZAC9/ajvbSx69xA=
github.com/juju/errors v0.0.0-20150916125642-1b5e39b83d18/go.mod h1:W54LbzXuIE0boCoNJfwqpmkKJ1O4TCTZMetAt6jGk7Q=
github.com/juju/httprequest v0.0.0-20160503150327-796aaafaf712 h1:HfySi3hURww+JCpO8i9g6r7h5QWaxhGsHHmG6t2o2Dk=
github.com/juju/httprequest v0.0.0-20160503150327-796aaafaf712/go.mod h1:ogcnuLPnijli/VAQT3/CU+2EdSTVsGRfpWTV/VY457I=
github.com/juju/loggo v0.0.0-20180524022052-584905176618 h1:MK144iBQF9hTSwBW/9eJm034bVoG30IshVm688T2hi8=
github.com/juju/loggo v0.0.0-20180524022052-584905176618/go.mod h1:vgyd7OREkbtVEN/8IXZe5Ooef3LQePvuBm9UWj6ZL8U=
github.com/juju/retry v0.0.0-20180821225755-9058e192b216 h1:/eQL7EJQKFHByJe3DeE8Z36yqManj9UY5zppDoQi4FU=
github.com/juju/retry v0.0.0-20180821225755-9058e192b216/go.mod h1:OohPQGsr4pnxwD5YljhQ+TZnuVRYpa5irjugL1Yuif4=
github.com/juju/schema v0.0.0-20160420044203-075de04f9b7d h1:JYANSZLNBXFgnNfGDOUAV+atWFDmOqJ1WPNmyS+YCCw=
github.com/juju/schema v0.0.0-20160420044203-075de04f9b7d/go.mod h1:7dL+43wADDfx5rD9ibr5H9Dgr4iOM3uHOa1i4IVLak8=
github.com/juju/testing v0.0.0-20180820040200-b0b89ba330f2 h1:MkeihacQp3clmXRJ+cNMR/J7Vhn2p54QrC9mYeoFESc=
github.com/juju/testing v0.0.0-20180820040200-b0b89ba330f2/go.mod h1:63prj8cnj0tU0S9OHjGJn+b1h0ZghCndfnbQolrYTwA=
github.com/juju/utils v0.0.0-20160502181500-d5423ca3ec0b h1:DqrsTp0W5iL5eIG4HJxLCEUezW2sA0s0b2fwJPYZLvY=
github.com/juju/utils v0.0.0-20160502181500-d5423ca3ec0b/go.mod h1:6/KLg8Wz/y2KVGWEpkK9vMNGkOnu4k/cqs8Z1fKjTOk=
github.com/juju/version v0.0.0-20180108022336-b64dbd566305 h1:lQxPJ1URr2fjsKnJRt/BxiIxjLt9IKGvS+0injMHbag=
github.com/juju/version v0.0.0-20180108022336-b64dbd566305/go.mod h1:kE8gK5X0CImdr7qpSKl3xB2PmpySSmfj7zVbkZFs81U=
github.com/juju/webbrowser v0.0.0-20160309143629-54b8c57083b4/go.mod h1:G6PCelgkM6cuvyD10iYJsjLBsSadVXtJ+nBxFAxE2BU=
github.com/julienschmidt/httprouter v0.0.0-20151013225520-77a895ad01eb/go.mod h1:SYymIcj16QtmaHHD7aYtjjsJG7VTCxuUUipMqKk8s4w=
github.com/kr/pretty v0.1.0 h1:L/CwN0zerZDmRFUapSPitk6f+Q3+0za1rQkzVuMiMFI=
github.com/kr/pretty v0.1.0/go.mod h1:dAy3ld7l9f0ibDNOQOHHMYYIIbhfbHSm3C4ZsoJORNo=
github.com/kr/pty v1.1.1/go.mod h1:pFQYn66WHrOpPYNljwOMqo10TkYh1fy3cYio2l3bCsQ=
github.com/kr/text v0.1.0 h1:45sCR5RtlFHMR4UwH9sdQ5TC8v0qDQCHnXt+kaKSTVE=
github.com/kr/text v0.1.0/go.mod h1:4Jbv+DJW3UT/LiOwJeYQe1efqtUx/iVham/4vfdArNI=
github.com/rogpeppe/fastuuid v0.0.0-20150106093220-6724a57986af/go.mod h1:XWv6SoW27p1b0cqNHllgS5HIMJraePCO15w5zCzIWYg=
golang.org/x/crypto v0.0.0-20150830180642-aedad9a179ec/go.mod h1:6SG95UA2DQfeDnfUPMdvaQW0Q7yPrPDi9nlGo2tz2b4=
golang.org/x/net v0.0.0-20150829230318-ea47fc708ee3 h1:vQKsY7JYxkBiIr0dkSCjLB4p7gONfkUsJHkLCH+pUQU=
golang.org/x/net v0.0.0-20150829230318-ea47fc708ee3/go.mod h1:mL1N/T3taQHkDXs73rZJwtUhF3w3ftmwwsq0BUmARs4=
gopkg.in/check.v1 v1.0.0-20180628173108-788fd7840127 h1:qIbj1fsPNlZgppZ+VLlY7N33q108Sa+fhmuc+sWQYwY=
gopkg.in/check.v1 v1.0.0-20180628173108-788fd7840127/go.mod h1:Co6ibVJAznAaIkqp8huTwlJQCZ016jof/cbN4VW5Yz0=
gopkg.in/errgo.v1 v1.0.0 h1:n+7XfCyygBFb8sEjg6692xjC6Us50TFRO54+xYUEwjE=
gopkg.in/errgo.v1 v1.0.0/go.mod h1:CxwszS/Xz1C49Ucd2i6Zil5UToP1EmyrFhKaMVbg1mk=
gopkg.in/juju/environschema.v1 v1.0.0-20151104115810-7359fc7857ab h1:kygRC4uJrga6LigPehhgIF5yzml4GIv0Na2GeUHALQk=
gopkg.in/juju/environschema.v1 v1.0.0-20151104115810-7359fc7857ab/go.mod h1:Kq3Lf4sWr8hWSgxmDKY2Esv2Ab6zTgNk6uWyL9xC8ks=
gopkg.in/macaroon.v1 v1.0.0-20150121114231-ab3940c6c165 h1:85xqOSyTpSzplW7fyO9bOZpSsemJc9UKzEQR2L4k32k=
gopkg.in/macaroon.v1 v1.0.0-20150121114231-ab3940c6c165/go.mod h1:PABpHZvxAbIuSYTPWJdQsNu0mtx+HX/1NIm3IT95IX0=
gopkg.in/mgo.v2 v2.0.0-20160818020120-3f83fa500528 h1:/saqWwm73dLmuzbNhe92F0QsZ/KiFND+esHco2v1hiY=
gopkg.in/mgo.v2 v2.0.0-20160818020120-3f83fa500528/go.mod h1:yeKp02qBN3iKW1OzL3MGk2IdtZzaj7SFntXj72NppTA=
gopkg.in/yaml.v2 v2.0.0-20160301204022-a83829b6f129 h1:RBgb9aPUbZ9nu66ecQNIBNsA7j3mB5h8PNDIfhPjaJg=
gopkg.in/yaml.v2 v2.0.0-20160301204022-a83829b6f129/go.mod h1:JAlM8MvJe8wmxCU4Bli9HhUf9+ttbYbLASfIpnQbh74=
launchpad.net/gocheck v0.0.0-20140225173054-000000000087 h1:Izowp2XBH6Ya6rv+hqbceQyw/gSGoXfH/UPoTGduL54=
launchpad.net/gocheck v0.0.0-20140225173054-000000000087/go.mod h1:hj7XX3B/0A+80Vse0e+BUHsHMTEhd0O4cpUHr/e/BUM=
